<Solution>
  <Folder Name="/src/">
    <Project Path="src/MasterBookWritingSystem.App/MasterBookWritingSystem.App.csproj" />
    <Project Path="src/MasterBookWritingSystem.Core/MasterBookWritingSystem.Core.csproj" />
    <Project Path="src/MasterBookWritingSystem.Infrastructure/MasterBookWritingSystem.Infrastructure.csproj" />
  </Folder>
  <Folder Name="/tests/">
    <Project Path="tests/MasterBookWritingSystem.Tests/MasterBookWritingSystem.Tests.csproj" />
    <Project Path="tests/MasterBookWritingSystem.App.Tests/MasterBookWritingSystem.App.Tests.csproj" />
  </Folder>
</Solution>
